
Microsoft Visual Studio Solution File, Format Version 12.00
# Visual Studio Version 17
VisualStudioVersion = 17.10.35027.167
MinimumVisualStudioVersion = 10.0.40219.1
Project("{F2A71F9B-5D33-465A-A702-920D77279786}") = "BasicLanguageStructureF#", "BasicLanguageStructureF#\BasicLanguageStructureF#.fsproj", "{A5C0A6FD-C2F5-482B-8B14-8CB503D10B88}"
EndProject
Global
	GlobalSection(SolutionConfigurationPlatforms) = preSolution
		Debug|Any CPU = Debug|Any CPU
		Release|Any CPU = Release|Any CPU
	EndGlobalSection
	GlobalSection(ProjectConfigurationPlatforms) = postSolution
		{A5C0A6FD-C2F5-482B-8B14-8CB503D10B88}.Debug|Any CPU.ActiveCfg = Debug|Any CPU
		{A5C0A6FD-C2F5-482B-8B14-8CB503D10B88}.Debug|Any CPU.Build.0 = Debug|Any CPU
		{A5C0A6FD-C2F5-482B-8B14-8CB503D10B88}.Release|Any CPU.ActiveCfg = Release|Any CPU
		{A5C0A6FD-C2F5-482B-8B14-8CB503D10B88}.Release|Any CPU.Build.0 = Release|Any CPU
	EndGlobalSection
	GlobalSection(SolutionProperties) = preSolution
		HideSolutionNode = FALSE
	EndGlobalSection
	GlobalSection(ExtensibilityGlobals) = postSolution
		SolutionGuid = {7EA024D7-D43F-4D80-B786-615DFFF56B99}
	EndGlobalSection
EndGlobal
