
Microsoft Visual Studio Solution File, Format Version 12.00
# Visual Studio Version 17
VisualStudioVersion = 17.5.33516.290
MinimumVisualStudioVersion = 10.0.40219.1
Project("{FAE04EC0-301F-11D3-BF4B-00C04F79EFBC}") = "Interpreter", "ParserCombinatorsHybrid\Interpreter.csproj", "{DE8223B9-7448-495A-BB10-93FB93AC6F4B}"
EndProject
Project("{F2A71F9B-5D33-465A-A702-920D77279786}") = "ParserCombinatorHybrid", "ParserCombinatorHybrid\ParserCombinatorHybrid.fsproj", "{B5C75C6E-DBB5-4D48-8025-825FCF73951F}"
EndProject
Global
	GlobalSection(SolutionConfigurationPlatforms) = preSolution
		Debug|Any CPU = Debug|Any CPU
		Release|Any CPU = Release|Any CPU
	EndGlobalSection
	GlobalSection(ProjectConfigurationPlatforms) = postSolution
		{DE8223B9-7448-495A-BB10-93FB93AC6F4B}.Debug|Any CPU.ActiveCfg = Debug|Any CPU
		{DE8223B9-7448-495A-BB10-93FB93AC6F4B}.Debug|Any CPU.Build.0 = Debug|Any CPU
		{DE8223B9-7448-495A-BB10-93FB93AC6F4B}.Release|Any CPU.ActiveCfg = Release|Any CPU
		{DE8223B9-7448-495A-BB10-93FB93AC6F4B}.Release|Any CPU.Build.0 = Release|Any CPU
		{B5C75C6E-DBB5-4D48-8025-825FCF73951F}.Debug|Any CPU.ActiveCfg = Debug|Any CPU
		{B5C75C6E-DBB5-4D48-8025-825FCF73951F}.Debug|Any CPU.Build.0 = Debug|Any CPU
		{B5C75C6E-DBB5-4D48-8025-825FCF73951F}.Release|Any CPU.ActiveCfg = Release|Any CPU
		{B5C75C6E-DBB5-4D48-8025-825FCF73951F}.Release|Any CPU.Build.0 = Release|Any CPU
	EndGlobalSection
	GlobalSection(SolutionProperties) = preSolution
		HideSolutionNode = FALSE
	EndGlobalSection
	GlobalSection(ExtensibilityGlobals) = postSolution
		SolutionGuid = {090DCE79-BE8C-48F9-A379-3942CE391A66}
	EndGlobalSection
EndGlobal
